// !$*UTF8*$!
{
	archiveVersion = 1;
	classes = {
	};
	objectVersion = 46;
	objects = {

/* Begin PBXBuildFile section */
		9428BAE71C86899B00D74C5C /* maximボタン.png in Resources */ = {isa = PBXBuildFile; fileRef = 9428BAE61C86899B00D74C5C /* maximボタン.png */; };
		942F1ED81C8530A300B2C95C /* MaximViewController.swift in Sources */ = {isa = PBXBuildFile; fileRef = 942F1ED71C8530A300B2C95C /* MaximViewController.swift */; };
		942F1EDA1C85327300B2C95C /* maximラベル.png in Resources */ = {isa = PBXBuildFile; fileRef = 942F1ED91C85327300B2C95C /* maximラベル.png */; };
		942F1EDC1C85330D00B2C95C /* maxim2ラベル.png in Resources */ = {isa = PBXBuildFile; fileRef = 942F1EDB1C85330D00B2C95C /* maxim2ラベル.png */; };
		944C7CB01C7326CA0013A9D8 /* GoalViewController.swift in Sources */ = {isa = PBXBuildFile; fileRef = 944C7CAF1C7326CA0013A9D8 /* GoalViewController.swift */; };
		944C7CB21C7326F00013A9D8 /* IndexViewController.swift in Sources */ = {isa = PBXBuildFile; fileRef = 944C7CB11C7326F00013A9D8 /* IndexViewController.swift */; };
		944C7CB41C7327070013A9D8 /* MonthMudaViewController.swift in Sources */ = {isa = PBXBuildFile; fileRef = 944C7CB31C7327070013A9D8 /* MonthMudaViewController.swift */; };
		944C7CB61C7327150013A9D8 /* SpendingViewController.swift in Sources */ = {isa = PBXBuildFile; fileRef = 944C7CB51C7327150013A9D8 /* SpendingViewController.swift */; };
		9461E4351C7EAD6D001E975D /* SpendingTableViewCell.swift in Sources */ = {isa = PBXBuildFile; fileRef = 9461E4331C7EAD6D001E975D /* SpendingTableViewCell.swift */; };
		9461E4361C7EAD6D001E975D /* ListTableViewCell.xib in Resources */ = {isa = PBXBuildFile; fileRef = 9461E4341C7EAD6D001E975D /* ListTableViewCell.xib */; };
		946E1BFB1C8499F3003368A4 /* 背景2.png in Resources */ = {isa = PBXBuildFile; fileRef = 946E1BFA1C8499F3003368A4 /* 背景2.png */; };
		94826CAC1C7C4D3E003DE190 /* ムダ警告アプリ　ボタン４.png in Resources */ = {isa = PBXBuildFile; fileRef = 94826CA81C7C4D3E003DE190 /* ムダ警告アプリ　ボタン４.png */; };
		94826CAD1C7C4D3E003DE190 /* ムダ警告アプリ　ボタン３.png in Resources */ = {isa = PBXBuildFile; fileRef = 94826CA91C7C4D3E003DE190 /* ムダ警告アプリ　ボタン３.png */; };
		94826CAE1C7C4D3E003DE190 /* ムダ警告アプリ　ボタン２.png in Resources */ = {isa = PBXBuildFile; fileRef = 94826CAA1C7C4D3E003DE190 /* ムダ警告アプリ　ボタン２.png */; };
		94826CAF1C7C4D3E003DE190 /* ムダ警告アプリ　ボタン１.png in Resources */ = {isa = PBXBuildFile; fileRef = 94826CAB1C7C4D3E003DE190 /* ムダ警告アプリ　ボタン１.png */; };
		94D562EE1C79885C00CAADFA /* Default-568h@2x.png in Resources */ = {isa = PBXBuildFile; fileRef = 94D562EB1C79885C00CAADFA /* Default-568h@2x.png */; };
		94D562EF1C79885C00CAADFA /* Default-667h@2x.png in Resources */ = {isa = PBXBuildFile; fileRef = 94D562EC1C79885C00CAADFA /* Default-667h@2x.png */; };
		94D562F01C79885C00CAADFA /* Default-736h@3x.png in Resources */ = {isa = PBXBuildFile; fileRef = 94D562ED1C79885C00CAADFA /* Default-736h@3x.png */; };
		94D562F21C7991DC00CAADFA /* mudaArrayViewController.swift in Sources */ = {isa = PBXBuildFile; fileRef = 94D562F11C7991DC00CAADFA /* mudaArrayViewController.swift */; };
		94E2D1FD1C84616F005C4D8D /* ムダ背景.png in Resources */ = {isa = PBXBuildFile; fileRef = 94E2D1FC1C84616F005C4D8D /* ムダ背景.png */; };
		94E2D1FF1C846211005C4D8D /* アプリ背景2.png in Resources */ = {isa = PBXBuildFile; fileRef = 94E2D1FE1C846211005C4D8D /* アプリ背景2.png */; };
		94E2D2031C847E0B005C4D8D /* ボタン＿ムダアプリtotalbutton.png in Resources */ = {isa = PBXBuildFile; fileRef = 94E2D2001C847E0B005C4D8D /* ボタン＿ムダアプリtotalbutton.png */; };
		94E2D2041C847E0B005C4D8D /* ボタン＿ムダアプリ出費.png in Resources */ = {isa = PBXBuildFile; fileRef = 94E2D2011C847E0B005C4D8D /* ボタン＿ムダアプリ出費.png */; };
		94E2D2051C847E0B005C4D8D /* ボタン＿ムダアプリ_目標.png in Resources */ = {isa = PBXBuildFile; fileRef = 94E2D2021C847E0B005C4D8D /* ボタン＿ムダアプリ_目標.png */; };
		94E2D2071C8480D3005C4D8D /* ボタン＿ムダアプリラベルtop.png in Resources */ = {isa = PBXBuildFile; fileRef = 94E2D2061C8480D3005C4D8D /* ボタン＿ムダアプリラベルtop.png */; };
		94E2D2091C8481BC005C4D8D /* ボタン＿ムダtop2.png in Resources */ = {isa = PBXBuildFile; fileRef = 94E2D2081C8481BC005C4D8D /* ボタン＿ムダtop2.png */; };
		94E2D20D1C848CC1005C4D8D /* 出費保存.png in Resources */ = {isa = PBXBuildFile; fileRef = 94E2D20A1C848CC1005C4D8D /* 出費保存.png */; };
		94E2D20E1C848CC1005C4D8D /* 目標ラベル.png in Resources */ = {isa = PBXBuildFile; fileRef = 94E2D20B1C848CC1005C4D8D /* 目標ラベル.png */; };
		94E2D20F1C848CC1005C4D8D /* totallabel.png in Resources */ = {isa = PBXBuildFile; fileRef = 94E2D20C1C848CC1005C4D8D /* totallabel.png */; };
		94E2D2131C848EF5005C4D8D /* price.png in Resources */ = {isa = PBXBuildFile; fileRef = 94E2D2101C848EF5005C4D8D /* price.png */; };
		94E2D2141C848EF5005C4D8D /* item.png in Resources */ = {isa = PBXBuildFile; fileRef = 94E2D2111C848EF5005C4D8D /* item.png */; };
		94E2D2151C848EF5005C4D8D /* date.png in Resources */ = {isa = PBXBuildFile; fileRef = 94E2D2121C848EF5005C4D8D /* date.png */; };
		94E2D2191C84945F005C4D8D /* リセットボタン.png in Resources */ = {isa = PBXBuildFile; fileRef = 94E2D2161C84945F005C4D8D /* リセットボタン.png */; };
		94E2D21A1C84945F005C4D8D /* saveボタン.png in Resources */ = {isa = PBXBuildFile; fileRef = 94E2D2171C84945F005C4D8D /* saveボタン.png */; };
		94E2D21B1C84945F005C4D8D /* topへボタン.png in Resources */ = {isa = PBXBuildFile; fileRef = 94E2D2181C84945F005C4D8D /* topへボタン.png */; };
		94E2D21D1C849598005C4D8D /* top2.png in Resources */ = {isa = PBXBuildFile; fileRef = 94E2D21C1C849598005C4D8D /* top2.png */; };
		94ECC4011C72CFCE00C48325 /* AppDelegate.swift in Sources */ = {isa = PBXBuildFile; fileRef = 94ECC4001C72CFCE00C48325 /* AppDelegate.swift */; };
		94ECC4031C72CFCE00C48325 /* ViewController.swift in Sources */ = {isa = PBXBuildFile; fileRef = 94ECC4021C72CFCE00C48325 /* ViewController.swift */; };
		94ECC4061C72CFCF00C48325 /* Main.storyboard in Resources */ = {isa = PBXBuildFile; fileRef = 94ECC4041C72CFCF00C48325 /* Main.storyboard */; };
		94ECC4081C72CFCF00C48325 /* Assets.xcassets in Resources */ = {isa = PBXBuildFile; fileRef = 94ECC4071C72CFCF00C48325 /* Assets.xcassets */; };
		94ECC40B1C72CFCF00C48325 /* LaunchScreen.storyboard in Resources */ = {isa = PBXBuildFile; fileRef = 94ECC4091C72CFCF00C48325 /* LaunchScreen.storyboard */; };
		94ECC4161C72CFCF00C48325 /* mudacheckerTests.swift in Sources */ = {isa = PBXBuildFile; fileRef = 94ECC4151C72CFCF00C48325 /* mudacheckerTests.swift */; };
		94ECC4211C72CFCF00C48325 /* mudacheckerUITests.swift in Sources */ = {isa = PBXBuildFile; fileRef = 94ECC4201C72CFCF00C48325 /* mudacheckerUITests.swift */; };
/* End PBXBuildFile section */

/* Begin PBXContainerItemProxy section */
		94ECC4121C72CFCF00C48325 /* PBXContainerItemProxy */ = {
			isa = PBXContainerItemProxy;
			containerPortal = 94ECC3F51C72CFCE00C48325 /* Project object */;
			proxyType = 1;
			remoteGlobalIDString = 94ECC3FC1C72CFCE00C48325;
			remoteInfo = mudachecker;
		};
		94ECC41D1C72CFCF00C48325 /* PBXContainerItemProxy */ = {
			isa = PBXContainerItemProxy;
			containerPortal = 94ECC3F51C72CFCE00C48325 /* Project object */;
			proxyType = 1;
			remoteGlobalIDString = 94ECC3FC1C72CFCE00C48325;
			remoteInfo = mudachecker;
		};
/* End PBXContainerItemProxy section */

/* Begin PBXFileReference section */
		9428BAE61C86899B00D74C5C /* maximボタン.png */ = {isa = PBXFileReference; lastKnownFileType = image.png; path = "maximボタン.png"; sourceTree = "<group>"; };
		942F1ED71C8530A300B2C95C /* MaximViewController.swift */ = {isa = PBXFileReference; fileEncoding = 4; lastKnownFileType = sourcecode.swift; path = MaximViewController.swift; sourceTree = "<group>"; };
		942F1ED91C85327300B2C95C /* maximラベル.png */ = {isa = PBXFileReference; lastKnownFileType = image.png; path = "maximラベル.png"; sourceTree = "<group>"; };
		942F1EDB1C85330D00B2C95C /* maxim2ラベル.png */ = {isa = PBXFileReference; lastKnownFileType = image.png; path = "maxim2ラベル.png"; sourceTree = "<group>"; };
		944C7CAF1C7326CA0013A9D8 /* GoalViewController.swift */ = {isa = PBXFileReference; fileEncoding = 4; lastKnownFileType = sourcecode.swift; path = GoalViewController.swift; sourceTree = "<group>"; };
		944C7CB11C7326F00013A9D8 /* IndexViewController.swift */ = {isa = PBXFileReference; fileEncoding = 4; lastKnownFileType = sourcecode.swift; path = IndexViewController.swift; sourceTree = "<group>"; };
		944C7CB31C7327070013A9D8 /* MonthMudaViewController.swift */ = {isa = PBXFileReference; fileEncoding = 4; lastKnownFileType = sourcecode.swift; path = MonthMudaViewController.swift; sourceTree = "<group>"; };
		944C7CB51C7327150013A9D8 /* SpendingViewController.swift */ = {isa = PBXFileReference; fileEncoding = 4; lastKnownFileType = sourcecode.swift; path = SpendingViewController.swift; sourceTree = "<group>"; };
		9461E4331C7EAD6D001E975D /* SpendingTableViewCell.swift */ = {isa = PBXFileReference; fileEncoding = 4; lastKnownFileType = sourcecode.swift; path = SpendingTableViewCell.swift; sourceTree = "<group>"; };
		9461E4341C7EAD6D001E975D /* ListTableViewCell.xib */ = {isa = PBXFileReference; fileEncoding = 4; lastKnownFileType = file.xib; path = ListTableViewCell.xib; sourceTree = "<group>"; };
		946E1BFA1C8499F3003368A4 /* 背景2.png */ = {isa = PBXFileReference; lastKnownFileType = image.png; path = "背景2.png"; sourceTree = "<group>"; };
		94826CA81C7C4D3E003DE190 /* ムダ警告アプリ　ボタン４.png */ = {isa = PBXFileReference; lastKnownFileType = image.png; path = "ムダ警告アプリ　ボタン４.png"; sourceTree = "<group>"; };
		94826CA91C7C4D3E003DE190 /* ムダ警告アプリ　ボタン３.png */ = {isa = PBXFileReference; lastKnownFileType = image.png; path = "ムダ警告アプリ　ボタン３.png"; sourceTree = "<group>"; };
		94826CAA1C7C4D3E003DE190 /* ムダ警告アプリ　ボタン２.png */ = {isa = PBXFileReference; lastKnownFileType = image.png; path = "ムダ警告アプリ　ボタン２.png"; sourceTree = "<group>"; };
		94826CAB1C7C4D3E003DE190 /* ムダ警告アプリ　ボタン１.png */ = {isa = PBXFileReference; lastKnownFileType = image.png; path = "ムダ警告アプリ　ボタン１.png"; sourceTree = "<group>"; };
		94D562EB1C79885C00CAADFA /* Default-568h@2x.png */ = {isa = PBXFileReference; lastKnownFileType = image.png; path = "Default-568h@2x.png"; sourceTree = "<group>"; };
		94D562EC1C79885C00CAADFA /* Default-667h@2x.png */ = {isa = PBXFileReference; lastKnownFileType = image.png; path = "Default-667h@2x.png"; sourceTree = "<group>"; };
		94D562ED1C79885C00CAADFA /* Default-736h@3x.png */ = {isa = PBXFileReference; lastKnownFileType = image.png; path = "Default-736h@3x.png"; sourceTree = "<group>"; };
		94D562F11C7991DC00CAADFA /* mudaArrayViewController.swift */ = {isa = PBXFileReference; fileEncoding = 4; lastKnownFileType = sourcecode.swift; path = mudaArrayViewController.swift; sourceTree = "<group>"; };
		94E2D1FC1C84616F005C4D8D /* ムダ背景.png */ = {isa = PBXFileReference; lastKnownFileType = image.png; path = "ムダ背景.png"; sourceTree = "<group>"; };
		94E2D1FE1C846211005C4D8D /* アプリ背景2.png */ = {isa = PBXFileReference; lastKnownFileType = image.png; path = "アプリ背景2.png"; sourceTree = "<group>"; };
		94E2D2001C847E0B005C4D8D /* ボタン＿ムダアプリtotalbutton.png */ = {isa = PBXFileReference; lastKnownFileType = image.png; path = "ボタン＿ムダアプリtotalbutton.png"; sourceTree = "<group>"; };
		94E2D2011C847E0B005C4D8D /* ボタン＿ムダアプリ出費.png */ = {isa = PBXFileReference; lastKnownFileType = image.png; path = "ボタン＿ムダアプリ出費.png"; sourceTree = "<group>"; };
		94E2D2021C847E0B005C4D8D /* ボタン＿ムダアプリ_目標.png */ = {isa = PBXFileReference; lastKnownFileType = image.png; path = "ボタン＿ムダアプリ_目標.png"; sourceTree = "<group>"; };
		94E2D2061C8480D3005C4D8D /* ボタン＿ムダアプリラベルtop.png */ = {isa = PBXFileReference; lastKnownFileType = image.png; path = "ボタン＿ムダアプリラベルtop.png"; sourceTree = "<group>"; };
		94E2D2081C8481BC005C4D8D /* ボタン＿ムダtop2.png */ = {isa = PBXFileReference; lastKnownFileType = image.png; path = "ボタン＿ムダtop2.png"; sourceTree = "<group>"; };
		94E2D20A1C848CC1005C4D8D /* 出費保存.png */ = {isa = PBXFileReference; lastKnownFileType = image.png; path = "出費保存.png"; sourceTree = "<group>"; };
		94E2D20B1C848CC1005C4D8D /* 目標ラベル.png */ = {isa = PBXFileReference; lastKnownFileType = image.png; path = "目標ラベル.png"; sourceTree = "<group>"; };
		94E2D20C1C848CC1005C4D8D /* totallabel.png */ = {isa = PBXFileReference; lastKnownFileType = image.png; path = totallabel.png; sourceTree = "<group>"; };
		94E2D2101C848EF5005C4D8D /* price.png */ = {isa = PBXFileReference; lastKnownFileType = image.png; path = price.png; sourceTree = "<group>"; };
		94E2D2111C848EF5005C4D8D /* item.png */ = {isa = PBXFileReference; lastKnownFileType = image.png; path = item.png; sourceTree = "<group>"; };
		94E2D2121C848EF5005C4D8D /* date.png */ = {isa = PBXFileReference; lastKnownFileType = image.png; path = date.png; sourceTree = "<group>"; };
		94E2D2161C84945F005C4D8D /* リセットボタン.png */ = {isa = PBXFileReference; lastKnownFileType = image.png; path = "リセットボタン.png"; sourceTree = "<group>"; };
		94E2D2171C84945F005C4D8D /* saveボタン.png */ = {isa = PBXFileReference; lastKnownFileType = image.png; path = "saveボタン.png"; sourceTree = "<group>"; };
		94E2D2181C84945F005C4D8D /* topへボタン.png */ = {isa = PBXFileReference; lastKnownFileType = image.png; path = "topへボタン.png"; sourceTree = "<group>"; };
		94E2D21C1C849598005C4D8D /* top2.png */ = {isa = PBXFileReference; lastKnownFileType = image.png; path = top2.png; sourceTree = "<group>"; };
		94ECC3FD1C72CFCE00C48325 /* mudachecker.app */ = {isa = PBXFileReference; explicitFileType = wrapper.application; includeInIndex = 0; path = mudachecker.app; sourceTree = BUILT_PRODUCTS_DIR; };
		94ECC4001C72CFCE00C48325 /* AppDelegate.swift */ = {isa = PBXFileReference; lastKnownFileType = sourcecode.swift; path = AppDelegate.swift; sourceTree = "<group>"; };
		94ECC4021C72CFCE00C48325 /* ViewController.swift */ = {isa = PBXFileReference; lastKnownFileType = sourcecode.swift; path = ViewController.swift; sourceTree = "<group>"; };
		94ECC4051C72CFCF00C48325 /* Base */ = {isa = PBXFileReference; lastKnownFileType = file.storyboard; name = Base; path = Base.lproj/Main.storyboard; sourceTree = "<group>"; };
		94ECC4071C72CFCF00C48325 /* Assets.xcassets */ = {isa = PBXFileReference; lastKnownFileType = folder.assetcatalog; path = Assets.xcassets; sourceTree = "<group>"; };
		94ECC40A1C72CFCF00C48325 /* Base */ = {isa = PBXFileReference; lastKnownFileType = file.storyboard; name = Base; path = Base.lproj/LaunchScreen.storyboard; sourceTree = "<group>"; };
		94ECC40C1C72CFCF00C48325 /* Info.plist */ = {isa = PBXFileReference; lastKnownFileType = text.plist.xml; path = Info.plist; sourceTree = "<group>"; };
		94ECC4111C72CFCF00C48325 /* mudacheckerTests.xctest */ = {isa = PBXFileReference; explicitFileType = wrapper.cfbundle; includeInIndex = 0; path = mudacheckerTests.xctest; sourceTree = BUILT_PRODUCTS_DIR; };
		94ECC4151C72CFCF00C48325 /* mudacheckerTests.swift */ = {isa = PBXFileReference; lastKnownFileType = sourcecode.swift; path = mudacheckerTests.swift; sourceTree = "<group>"; };
		94ECC4171C72CFCF00C48325 /* Info.plist */ = {isa = PBXFileReference; lastKnownFileType = text.plist.xml; path = Info.plist; sourceTree = "<group>"; };
		94ECC41C1C72CFCF00C48325 /* mudacheckerUITests.xctest */ = {isa = PBXFileReference; explicitFileType = wrapper.cfbundle; includeInIndex = 0; path = mudacheckerUITests.xctest; sourceTree = BUILT_PRODUCTS_DIR; };
		94ECC4201C72CFCF00C48325 /* mudacheckerUITests.swift */ = {isa = PBXFileReference; lastKnownFileType = sourcecode.swift; path = mudacheckerUITests.swift; sourceTree = "<group>"; };
		94ECC4221C72CFCF00C48325 /* Info.plist */ = {isa = PBXFileReference; lastKnownFileType = text.plist.xml; path = Info.plist; sourceTree = "<group>"; };
/* End PBXFileReference section */

/* Begin PBXFrameworksBuildPhase section */
		94ECC3FA1C72CFCE00C48325 /* Frameworks */ = {
			isa = PBXFrameworksBuildPhase;
			buildActionMask = 2147483647;
			files = (
			);
			runOnlyForDeploymentPostprocessing = 0;
		};
		94ECC40E1C72CFCF00C48325 /* Frameworks */ = {
			isa = PBXFrameworksBuildPhase;
			buildActionMask = 2147483647;
			files = (
			);
			runOnlyForDeploymentPostprocessing = 0;
		};
		94ECC4191C72CFCF00C48325 /* Frameworks */ = {
			isa = PBXFrameworksBuildPhase;
			buildActionMask = 2147483647;
			files = (
			);
			runOnlyForDeploymentPostprocessing = 0;
		};
/* End PBXFrameworksBuildPhase section */

/* Begin PBXGroup section */
		94D562EA1C79885C00CAADFA /* Defaults-master */ = {
			isa = PBXGroup;
			children = (
				94D562EB1C79885C00CAADFA /* Default-568h@2x.png */,
				94D562EC1C79885C00CAADFA /* Default-667h@2x.png */,
				94D562ED1C79885C00CAADFA /* Default-736h@3x.png */,
			);
			path = "Defaults-master";
			sourceTree = "<group>";
		};
		94ECC3F41C72CFCE00C48325 = {
			isa = PBXGroup;
			children = (
				94ECC3FF1C72CFCE00C48325 /* mudachecker */,
				94ECC4141C72CFCF00C48325 /* mudacheckerTests */,
				94ECC41F1C72CFCF00C48325 /* mudacheckerUITests */,
				94ECC3FE1C72CFCE00C48325 /* Products */,
			);
			sourceTree = "<group>";
		};
		94ECC3FE1C72CFCE00C48325 /* Products */ = {
			isa = PBXGroup;
			children = (
				94ECC3FD1C72CFCE00C48325 /* mudachecker.app */,
				94ECC4111C72CFCF00C48325 /* mudacheckerTests.xctest */,
				94ECC41C1C72CFCF00C48325 /* mudacheckerUITests.xctest */,
			);
			name = Products;
			sourceTree = "<group>";
		};
		94ECC3FF1C72CFCE00C48325 /* mudachecker */ = {
			isa = PBXGroup;
			children = (
				942F1ED91C85327300B2C95C /* maximラベル.png */,
				94E2D2161C84945F005C4D8D /* リセットボタン.png */,
				942F1EDB1C85330D00B2C95C /* maxim2ラベル.png */,
				94E2D2171C84945F005C4D8D /* saveボタン.png */,
				94E2D2181C84945F005C4D8D /* topへボタン.png */,
				946E1BFA1C8499F3003368A4 /* 背景2.png */,
				94E2D21C1C849598005C4D8D /* top2.png */,
				94E2D2101C848EF5005C4D8D /* price.png */,
				94E2D2111C848EF5005C4D8D /* item.png */,
				94E2D2121C848EF5005C4D8D /* date.png */,
				94E2D20A1C848CC1005C4D8D /* 出費保存.png */,
				94E2D20B1C848CC1005C4D8D /* 目標ラベル.png */,
				94E2D20C1C848CC1005C4D8D /* totallabel.png */,
				94E2D2081C8481BC005C4D8D /* ボタン＿ムダtop2.png */,
				94E2D2061C8480D3005C4D8D /* ボタン＿ムダアプリラベルtop.png */,
				94E2D2001C847E0B005C4D8D /* ボタン＿ムダアプリtotalbutton.png */,
				94E2D2011C847E0B005C4D8D /* ボタン＿ムダアプリ出費.png */,
				94E2D2021C847E0B005C4D8D /* ボタン＿ムダアプリ_目標.png */,
				94E2D1FE1C846211005C4D8D /* アプリ背景2.png */,
				94E2D1FC1C84616F005C4D8D /* ムダ背景.png */,
				9428BAE61C86899B00D74C5C /* maximボタン.png */,
				94826CA81C7C4D3E003DE190 /* ムダ警告アプリ　ボタン４.png */,
				94826CA91C7C4D3E003DE190 /* ムダ警告アプリ　ボタン３.png */,
				94826CAA1C7C4D3E003DE190 /* ムダ警告アプリ　ボタン２.png */,
				94826CAB1C7C4D3E003DE190 /* ムダ警告アプリ　ボタン１.png */,
				94D562EA1C79885C00CAADFA /* Defaults-master */,
				94ECC4001C72CFCE00C48325 /* AppDelegate.swift */,
				94ECC4021C72CFCE00C48325 /* ViewController.swift */,
				94ECC4041C72CFCF00C48325 /* Main.storyboard */,
				94ECC4071C72CFCF00C48325 /* Assets.xcassets */,
				94ECC4091C72CFCF00C48325 /* LaunchScreen.storyboard */,
				94ECC40C1C72CFCF00C48325 /* Info.plist */,
				944C7CAF1C7326CA0013A9D8 /* GoalViewController.swift */,
				944C7CB11C7326F00013A9D8 /* IndexViewController.swift */,
				944C7CB31C7327070013A9D8 /* MonthMudaViewController.swift */,
				944C7CB51C7327150013A9D8 /* SpendingViewController.swift */,
				94D562F11C7991DC00CAADFA /* mudaArrayViewController.swift */,
				9461E4331C7EAD6D001E975D /* SpendingTableViewCell.swift */,
				9461E4341C7EAD6D001E975D /* ListTableViewCell.xib */,
				942F1ED71C8530A300B2C95C /* MaximViewController.swift */,
			);
			path = mudachecker;
			sourceTree = "<group>";
		};
		94ECC4141C72CFCF00C48325 /* mudacheckerTests */ = {
			isa = PBXGroup;
			children = (
				94ECC4151C72CFCF00C48325 /* mudacheckerTests.swift */,
				94ECC4171C72CFCF00C48325 /* Info.plist */,
			);
			path = mudacheckerTests;
			sourceTree = "<group>";
		};
		94ECC41F1C72CFCF00C48325 /* mudacheckerUITests */ = {
			isa = PBXGroup;
			children = (
				94ECC4201C72CFCF00C48325 /* mudacheckerUITests.swift */,
				94ECC4221C72CFCF00C48325 /* Info.plist */,
			);
			path = mudacheckerUITests;
			sourceTree = "<group>";
		};
/* End PBXGroup section */

/* Begin PBXNativeTarget section */
		94ECC3FC1C72CFCE00C48325 /* mudachecker */ = {
			isa = PBXNativeTarget;
			buildConfigurationList = 94ECC4251C72CFCF00C48325 /* Build configuration list for PBXNativeTarget "mudachecker" */;
			buildPhases = (
				94ECC3F91C72CFCE00C48325 /* Sources */,
				94ECC3FA1C72CFCE00C48325 /* Frameworks */,
				94ECC3FB1C72CFCE00C48325 /* Resources */,
			);
			buildRules = (
			);
			dependencies = (
			);
			name = mudachecker;
			productName = mudachecker;
			productReference = 94ECC3FD1C72CFCE00C48325 /* mudachecker.app */;
			productType = "com.apple.product-type.application";
		};
		94ECC4101C72CFCF00C48325 /* mudacheckerTests */ = {
			isa = PBXNativeTarget;
			buildConfigurationList = 94ECC4281C72CFCF00C48325 /* Build configuration list for PBXNativeTarget "mudacheckerTests" */;
			buildPhases = (
				94ECC40D1C72CFCF00C48325 /* Sources */,
				94ECC40E1C72CFCF00C48325 /* Frameworks */,
				94ECC40F1C72CFCF00C48325 /* Resources */,
			);
			buildRules = (
			);
			dependencies = (
				94ECC4131C72CFCF00C48325 /* PBXTargetDependency */,
			);
			name = mudacheckerTests;
			productName = mudacheckerTests;
			productReference = 94ECC4111C72CFCF00C48325 /* mudacheckerTests.xctest */;
			productType = "com.apple.product-type.bundle.unit-test";
		};
		94ECC41B1C72CFCF00C48325 /* mudacheckerUITests */ = {
			isa = PBXNativeTarget;
			buildConfigurationList = 94ECC42B1C72CFCF00C48325 /* Build configuration list for PBXNativeTarget "mudacheckerUITests" */;
			buildPhases = (
				94ECC4181C72CFCF00C48325 /* Sources */,
				94ECC4191C72CFCF00C48325 /* Frameworks */,
				94ECC41A1C72CFCF00C48325 /* Resources */,
			);
			buildRules = (
			);
			dependencies = (
				94ECC41E1C72CFCF00C48325 /* PBXTargetDependency */,
			);
			name = mudacheckerUITests;
			productName = mudacheckerUITests;
			productReference = 94ECC41C1C72CFCF00C48325 /* mudacheckerUITests.xctest */;
			productType = "com.apple.product-type.bundle.ui-testing";
		};
/* End PBXNativeTarget section */

/* Begin PBXProject section */
		94ECC3F51C72CFCE00C48325 /* Project object */ = {
			isa = PBXProject;
			attributes = {
				LastSwiftUpdateCheck = 0720;
				LastUpgradeCheck = 0720;
				ORGANIZATIONNAME = net.karuna;
				TargetAttributes = {
					94ECC3FC1C72CFCE00C48325 = {
						CreatedOnToolsVersion = 7.2.1;
						DevelopmentTeam = DU3RMKUVKM;
					};
					94ECC4101C72CFCF00C48325 = {
						CreatedOnToolsVersion = 7.2.1;
						DevelopmentTeam = DU3RMKUVKM;
						TestTargetID = 94ECC3FC1C72CFCE00C48325;
					};
					94ECC41B1C72CFCF00C48325 = {
						CreatedOnToolsVersion = 7.2.1;
						DevelopmentTeam = DU3RMKUVKM;
						TestTargetID = 94ECC3FC1C72CFCE00C48325;
					};
				};
			};
			buildConfigurationList = 94ECC3F81C72CFCE00C48325 /* Build configuration list for PBXProject "mudachecker" */;
			compatibilityVersion = "Xcode 3.2";
			developmentRegion = English;
			hasScannedForEncodings = 0;
			knownRegions = (
				en,
				Base,
			);
			mainGroup = 94ECC3F41C72CFCE00C48325;
			productRefGroup = 94ECC3FE1C72CFCE00C48325 /* Products */;
			projectDirPath = "";
			projectRoot = "";
			targets = (
				94ECC3FC1C72CFCE00C48325 /* mudachecker */,
				94ECC4101C72CFCF00C48325 /* mudacheckerTests */,
				94ECC41B1C72CFCF00C48325 /* mudacheckerUITests */,
			);
		};
/* End PBXProject section */

/* Begin PBXResourcesBuildPhase section */
		94ECC3FB1C72CFCE00C48325 /* Resources */ = {
			isa = PBXResourcesBuildPhase;
			buildActionMask = 2147483647;
			files = (
				94E2D2141C848EF5005C4D8D /* item.png in Resources */,
				942F1EDA1C85327300B2C95C /* maximラベル.png in Resources */,
				9428BAE71C86899B00D74C5C /* maximボタン.png in Resources */,
				94826CAF1C7C4D3E003DE190 /* ムダ警告アプリ　ボタン１.png in Resources */,
				94E2D20D1C848CC1005C4D8D /* 出費保存.png in Resources */,
				94826CAC1C7C4D3E003DE190 /* ムダ警告アプリ　ボタン４.png in Resources */,
				94E2D2191C84945F005C4D8D /* リセットボタン.png in Resources */,
				94E2D20F1C848CC1005C4D8D /* totallabel.png in Resources */,
				94ECC40B1C72CFCF00C48325 /* LaunchScreen.storyboard in Resources */,
				94E2D21B1C84945F005C4D8D /* topへボタン.png in Resources */,
				94826CAD1C7C4D3E003DE190 /* ムダ警告アプリ　ボタン３.png in Resources */,
				942F1EDC1C85330D00B2C95C /* maxim2ラベル.png in Resources */,
				94E2D2051C847E0B005C4D8D /* ボタン＿ムダアプリ_目標.png in Resources */,
				94D562EE1C79885C00CAADFA /* Default-568h@2x.png in Resources */,
				94ECC4081C72CFCF00C48325 /* Assets.xcassets in Resources */,
				9461E4361C7EAD6D001E975D /* ListTableViewCell.xib in Resources */,
				94E2D20E1C848CC1005C4D8D /* 目標ラベル.png in Resources */,
				94E2D1FF1C846211005C4D8D /* アプリ背景2.png in Resources */,
				94E2D2091C8481BC005C4D8D /* ボタン＿ムダtop2.png in Resources */,
				94E2D2041C847E0B005C4D8D /* ボタン＿ムダアプリ出費.png in Resources */,
				94E2D21A1C84945F005C4D8D /* saveボタン.png in Resources */,
				94ECC4061C72CFCF00C48325 /* Main.storyboard in Resources */,
				94826CAE1C7C4D3E003DE190 /* ムダ警告アプリ　ボタン２.png in Resources */,
				94E2D21D1C849598005C4D8D /* top2.png in Resources */,
				94E2D2151C848EF5005C4D8D /* date.png in Resources */,
				94E2D2031C847E0B005C4D8D /* ボタン＿ムダアプリtotalbutton.png in Resources */,
				94D562EF1C79885C00CAADFA /* Default-667h@2x.png in Resources */,
				94D562F01C79885C00CAADFA /* Default-736h@3x.png in Resources */,
				94E2D1FD1C84616F005C4D8D /* ムダ背景.png in Resources */,
				94E2D2071C8480D3005C4D8D /* ボタン＿ムダアプリラベルtop.png in Resources */,
				946E1BFB1C8499F3003368A4 /* 背景2.png in Resources */,
				94E2D2131C848EF5005C4D8D /* price.png in Resources */,
			);
			runOnlyForDeploymentPostprocessing = 0;
		};
		94ECC40F1C72CFCF00C48325 /* Resources */ = {
			isa = PBXResourcesBuildPhase;
			buildActionMask = 2147483647;
			files = (
			);
			runOnlyForDeploymentPostprocessing = 0;
		};
		94ECC41A1C72CFCF00C48325 /* Resources */ = {
			isa = PBXResourcesBuildPhase;
			buildActionMask = 2147483647;
			files = (
			);
			runOnlyForDeploymentPostprocessing = 0;
		};
/* End PBXResourcesBuildPhase section */

/* Begin PBXSourcesBuildPhase section */
		94ECC3F91C72CFCE00C48325 /* Sources */ = {
			isa = PBXSourcesBuildPhase;
			buildActionMask = 2147483647;
			files = (
				944C7CB01C7326CA0013A9D8 /* GoalViewController.swift in Sources */,
				9461E4351C7EAD6D001E975D /* SpendingTableViewCell.swift in Sources */,
				944C7CB41C7327070013A9D8 /* MonthMudaViewController.swift in Sources */,
				94ECC4031C72CFCE00C48325 /* ViewController.swift in Sources */,
				94ECC4011C72CFCE00C48325 /* AppDelegate.swift in Sources */,
				94D562F21C7991DC00CAADFA /* mudaArrayViewController.swift in Sources */,
				942F1ED81C8530A300B2C95C /* MaximViewController.swift in Sources */,
				944C7CB61C7327150013A9D8 /* SpendingViewController.swift in Sources */,
				944C7CB21C7326F00013A9D8 /* IndexViewController.swift in Sources */,
			);
			runOnlyForDeploymentPostprocessing = 0;
		};
		94ECC40D1C72CFCF00C48325 /* Sources */ = {
			isa = PBXSourcesBuildPhase;
			buildActionMask = 2147483647;
			files = (
				94ECC4161C72CFCF00C48325 /* mudacheckerTests.swift in Sources */,
			);
			runOnlyForDeploymentPostprocessing = 0;
		};
		94ECC4181C72CFCF00C48325 /* Sources */ = {
			isa = PBXSourcesBuildPhase;
			buildActionMask = 2147483647;
			files = (
				94ECC4211C72CFCF00C48325 /* mudacheckerUITests.swift in Sources */,
			);
			runOnlyForDeploymentPostprocessing = 0;
		};
/* End PBXSourcesBuildPhase section */

/* Begin PBXTargetDependency section */
		94ECC4131C72CFCF00C48325 /* PBXTargetDependency */ = {
			isa = PBXTargetDependency;
			target = 94ECC3FC1C72CFCE00C48325 /* mudachecker */;
			targetProxy = 94ECC4121C72CFCF00C48325 /* PBXContainerItemProxy */;
		};
		94ECC41E1C72CFCF00C48325 /* PBXTargetDependency */ = {
			isa = PBXTargetDependency;
			target = 94ECC3FC1C72CFCE00C48325 /* mudachecker */;
			targetProxy = 94ECC41D1C72CFCF00C48325 /* PBXContainerItemProxy */;
		};
/* End PBXTargetDependency section */

/* Begin PBXVariantGroup section */
		94ECC4041C72CFCF00C48325 /* Main.storyboard */ = {
			isa = PBXVariantGroup;
			children = (
				94ECC4051C72CFCF00C48325 /* Base */,
			);
			name = Main.storyboard;
			sourceTree = "<group>";
		};
		94ECC4091C72CFCF00C48325 /* LaunchScreen.storyboard */ = {
			isa = PBXVariantGroup;
			children = (
				94ECC40A1C72CFCF00C48325 /* Base */,
			);
			name = LaunchScreen.storyboard;
			sourceTree = "<group>";
		};
/* End PBXVariantGroup section */

/* Begin XCBuildConfiguration section */
		94ECC4231C72CFCF00C48325 /* Debug */ = {
			isa = XCBuildConfiguration;
			buildSettings = {
				ALWAYS_SEARCH_USER_PATHS = NO;
				CLANG_CXX_LANGUAGE_STANDARD = "gnu++0x";
				CLANG_CXX_LIBRARY = "libc++";
				CLANG_ENABLE_MODULES = YES;
				CLANG_ENABLE_OBJC_ARC = YES;
				CLANG_WARN_BOOL_CONVERSION = YES;
				CLANG_WARN_CONSTANT_CONVERSION = YES;
				CLANG_WARN_DIRECT_OBJC_ISA_USAGE = YES_ERROR;
				CLANG_WARN_EMPTY_BODY = YES;
				CLANG_WARN_ENUM_CONVERSION = YES;
				CLANG_WARN_INT_CONVERSION = YES;
				CLANG_WARN_OBJC_ROOT_CLASS = YES_ERROR;
				CLANG_WARN_UNREACHABLE_CODE = YES;
				CLANG_WARN__DUPLICATE_METHOD_MATCH = YES;
				"CODE_SIGN_IDENTITY[sdk=iphoneos*]" = "iPhone Developer";
				COPY_PHASE_STRIP = NO;
				DEBUG_INFORMATION_FORMAT = dwarf;
				ENABLE_STRICT_OBJC_MSGSEND = YES;
				ENABLE_TESTABILITY = YES;
				GCC_C_LANGUAGE_STANDARD = gnu99;
				GCC_DYNAMIC_NO_PIC = NO;
				GCC_NO_COMMON_BLOCKS = YES;
				GCC_OPTIMIZATION_LEVEL = 0;
				GCC_PREPROCESSOR_DEFINITIONS = (
					"DEBUG=1",
					"$(inherited)",
				);
				GCC_WARN_64_TO_32_BIT_CONVERSION = YES;
				GCC_WARN_ABOUT_RETURN_TYPE = YES_ERROR;
				GCC_WARN_UNDECLARED_SELECTOR = YES;
				GCC_WARN_UNINITIALIZED_AUTOS = YES_AGGRESSIVE;
				GCC_WARN_UNUSED_FUNCTION = YES;
				GCC_WARN_UNUSED_VARIABLE = YES;
				IPHONEOS_DEPLOYMENT_TARGET = 9.2;
				MTL_ENABLE_DEBUG_INFO = YES;
				ONLY_ACTIVE_ARCH = YES;
				SDKROOT = iphoneos;
				SWIFT_OPTIMIZATION_LEVEL = "-Onone";
			};
			name = Debug;
		};
		94ECC4241C72CFCF00C48325 /* Release */ = {
			isa = XCBuildConfiguration;
			buildSettings = {
				ALWAYS_SEARCH_USER_PATHS = NO;
				CLANG_CXX_LANGUAGE_STANDARD = "gnu++0x";
				CLANG_CXX_LIBRARY = "libc++";
				CLANG_ENABLE_MODULES = YES;
				CLANG_ENABLE_OBJC_ARC = YES;
				CLANG_WARN_BOOL_CONVERSION = YES;
				CLANG_WARN_CONSTANT_CONVERSION = YES;
				CLANG_WARN_DIRECT_OBJC_ISA_USAGE = YES_ERROR;
				CLANG_WARN_EMPTY_BODY = YES;
				CLANG_WARN_ENUM_CONVERSION = YES;
				CLANG_WARN_INT_CONVERSION = YES;
				CLANG_WARN_OBJC_ROOT_CLASS = YES_ERROR;
				CLANG_WARN_UNREACHABLE_CODE = YES;
				CLANG_WARN__DUPLICATE_METHOD_MATCH = YES;
				"CODE_SIGN_IDENTITY[sdk=iphoneos*]" = "iPhone Developer";
				COPY_PHASE_STRIP = NO;
				DEBUG_INFORMATION_FORMAT = "dwarf-with-dsym";
				ENABLE_NS_ASSERTIONS = NO;
				ENABLE_STRICT_OBJC_MSGSEND = YES;
				GCC_C_LANGUAGE_STANDARD = gnu99;
				GCC_NO_COMMON_BLOCKS = YES;
				GCC_WARN_64_TO_32_BIT_CONVERSION = YES;
				GCC_WARN_ABOUT_RETURN_TYPE = YES_ERROR;
				GCC_WARN_UNDECLARED_SELECTOR = YES;
				GCC_WARN_UNINITIALIZED_AUTOS = YES_AGGRESSIVE;
				GCC_WARN_UNUSED_FUNCTION = YES;
				GCC_WARN_UNUSED_VARIABLE = YES;
				IPHONEOS_DEPLOYMENT_TARGET = 9.2;
				MTL_ENABLE_DEBUG_INFO = NO;
				SDKROOT = iphoneos;
				VALIDATE_PRODUCT = YES;
			};
			name = Release;
		};
		94ECC4261C72CFCF00C48325 /* Debug */ = {
			isa = XCBuildConfiguration;
			buildSettings = {
				ASSETCATALOG_COMPILER_APPICON_NAME = AppIcon;
				INFOPLIST_FILE = mudachecker/Info.plist;
				LD_RUNPATH_SEARCH_PATHS = "$(inherited) @executable_path/Frameworks";
				PRODUCT_BUNDLE_IDENTIFIER = net.karuna.mudachecker;
				PRODUCT_NAME = "$(TARGET_NAME)";
			};
			name = Debug;
		};
		94ECC4271C72CFCF00C48325 /* Release */ = {
			isa = XCBuildConfiguration;
			buildSettings = {
				ASSETCATALOG_COMPILER_APPICON_NAME = AppIcon;
				INFOPLIST_FILE = mudachecker/Info.plist;
				LD_RUNPATH_SEARCH_PATHS = "$(inherited) @executable_path/Frameworks";
				PRODUCT_BUNDLE_IDENTIFIER = net.karuna.mudachecker;
				PRODUCT_NAME = "$(TARGET_NAME)";
			};
			name = Release;
		};
		94ECC4291C72CFCF00C48325 /* Debug */ = {
			isa = XCBuildConfiguration;
			buildSettings = {
				BUNDLE_LOADER = "$(TEST_HOST)";
				INFOPLIST_FILE = mudacheckerTests/Info.plist;
				LD_RUNPATH_SEARCH_PATHS = "$(inherited) @executable_path/Frameworks @loader_path/Frameworks";
				PRODUCT_BUNDLE_IDENTIFIER = net.karuna.mudacheckerTests;
				PRODUCT_NAME = "$(TARGET_NAME)";
				TEST_HOST = "$(BUILT_PRODUCTS_DIR)/mudachecker.app/mudachecker";
			};
			name = Debug;
		};
		94ECC42A1C72CFCF00C48325 /* Release */ = {
			isa = XCBuildConfiguration;
			buildSettings = {
				BUNDLE_LOADER = "$(TEST_HOST)";
				INFOPLIST_FILE = mudacheckerTests/Info.plist;
				LD_RUNPATH_SEARCH_PATHS = "$(inherited) @executable_path/Frameworks @loader_path/Frameworks";
				PRODUCT_BUNDLE_IDENTIFIER = net.karuna.mudacheckerTests;
				PRODUCT_NAME = "$(TARGET_NAME)";
				TEST_HOST = "$(BUILT_PRODUCTS_DIR)/mudachecker.app/mudachecker";
			};
			name = Release;
		};
		94ECC42C1C72CFCF00C48325 /* Debug */ = {
			isa = XCBuildConfiguration;
			buildSettings = {
				INFOPLIST_FILE = mudacheckerUITests/Info.plist;
				LD_RUNPATH_SEARCH_PATHS = "$(inherited) @executable_path/Frameworks @loader_path/Frameworks";
				PRODUCT_BUNDLE_IDENTIFIER = net.karuna.mudacheckerUITests;
				PRODUCT_NAME = "$(TARGET_NAME)";
				TEST_TARGET_NAME = mudachecker;
				USES_XCTRUNNER = YES;
			};
			name = Debug;
		};
		94ECC42D1C72CFCF00C48325 /* Release */ = {
			isa = XCBuildConfiguration;
			buildSettings = {
				INFOPLIST_FILE = mudacheckerUITests/Info.plist;
				LD_RUNPATH_SEARCH_PATHS = "$(inherited) @executable_path/Frameworks @loader_path/Frameworks";
				PRODUCT_BUNDLE_IDENTIFIER = net.karuna.mudacheckerUITests;
				PRODUCT_NAME = "$(TARGET_NAME)";
				TEST_TARGET_NAME = mudachecker;
				USES_XCTRUNNER = YES;
			};
			name = Release;
		};
/* End XCBuildConfiguration section */

/* Begin XCConfigurationList section */
		94ECC3F81C72CFCE00C48325 /* Build configuration list for PBXProject "mudachecker" */ = {
			isa = XCConfigurationList;
			buildConfigurations = (
				94ECC4231C72CFCF00C48325 /* Debug */,
				94ECC4241C72CFCF00C48325 /* Release */,
			);
			defaultConfigurationIsVisible = 0;
			defaultConfigurationName = Release;
		};
		94ECC4251C72CFCF00C48325 /* Build configuration list for PBXNativeTarget "mudachecker" */ = {
			isa = XCConfigurationList;
			buildConfigurations = (
				94ECC4261C72CFCF00C48325 /* Debug */,
				94ECC4271C72CFCF00C48325 /* Release */,
			);
			defaultConfigurationIsVisible = 0;
			defaultConfigurationName = Release;
		};
		94ECC4281C72CFCF00C48325 /* Build configuration list for PBXNativeTarget "mudacheckerTests" */ = {
			isa = XCConfigurationList;
			buildConfigurations = (
				94ECC4291C72CFCF00C48325 /* Debug */,
				94ECC42A1C72CFCF00C48325 /* Release */,
			);
			defaultConfigurationIsVisible = 0;
			defaultConfigurationName = Release;
		};
		94ECC42B1C72CFCF00C48325 /* Build configuration list for PBXNativeTarget "mudacheckerUITests" */ = {
			isa = XCConfigurationList;
			buildConfigurations = (
				94ECC42C1C72CFCF00C48325 /* Debug */,
				94ECC42D1C72CFCF00C48325 /* Release */,
			);
			defaultConfigurationIsVisible = 0;
			defaultConfigurationName = Release;
		};
/* End XCConfigurationList section */
	};
	rootObject = 94ECC3F51C72CFCE00C48325 /* Project object */;
}
